// !$*UTF8*$!
{
	archiveVersion = 1;
	classes = {
	};
	objectVersion = 50;
	objects = {

/* Begin PBXBuildFile section */
		C818B211245A3AAF00A9E84E /* AppDelegate.swift in Sources */ = {isa = PBXBuildFile; fileRef = C818B210245A3AAF00A9E84E /* AppDelegate.swift */; };
		C818B213245A3AAF00A9E84E /* SceneDelegate.swift in Sources */ = {isa = PBXBuildFile; fileRef = C818B212245A3AAF00A9E84E /* SceneDelegate.swift */; };
		C818B215245A3AAF00A9E84E /* ContentView.swift in Sources */ = {isa = PBXBuildFile; fileRef = C818B214245A3AAF00A9E84E /* ContentView.swift */; };
		C818B217245A3AB300A9E84E /* Assets.xcassets in Resources */ = {isa = PBXBuildFile; fileRef = C818B216245A3AB300A9E84E /* Assets.xcassets */; };
		C818B21A245A3AB300A9E84E /* Preview Assets.xcassets in Resources */ = {isa = PBXBuildFile; fileRef = C818B219245A3AB300A9E84E /* Preview Assets.xcassets */; };
		C818B21D245A3AB300A9E84E /* LaunchScreen.storyboard in Resources */ = {isa = PBXBuildFile; fileRef = C818B21B245A3AB300A9E84E /* LaunchScreen.storyboard */; };
/* End PBXBuildFile section */

/* Begin PBXFileReference section */
		C818B20D245A3AAF00A9E84E /* Paperless Portal.app */ = {isa = PBXFileReference; explicitFileType = wrapper.application; includeInIndex = 0; path = "Paperless Portal.app"; sourceTree = BUILT_PRODUCTS_DIR; };
		C818B210245A3AAF00A9E84E /* AppDelegate.swift */ = {isa = PBXFileReference; lastKnownFileType = sourcecode.swift; path = AppDelegate.swift; sourceTree = "<group>"; };
		C818B212245A3AAF00A9E84E /* SceneDelegate.swift */ = {isa = PBXFileReference; lastKnownFileType = sourcecode.swift; path = SceneDelegate.swift; sourceTree = "<group>"; };
		C818B214245A3AAF00A9E84E /* ContentView.swift */ = {isa = PBXFileReference; lastKnownFileType = sourcecode.swift; path = ContentView.swift; sourceTree = "<group>"; };
		C818B216245A3AB300A9E84E /* Assets.xcassets */ = {isa = PBXFileReference; lastKnownFileType = folder.assetcatalog; path = Assets.xcassets; sourceTree = "<group>"; };
		C818B219245A3AB300A9E84E /* Preview Assets.xcassets */ = {isa = PBXFileReference; lastKnownFileType = folder.assetcatalog; path = "Preview Assets.xcassets"; sourceTree = "<group>"; };
		C818B21C245A3AB300A9E84E /* Base */ = {isa = PBXFileReference; lastKnownFileType = file.storyboard; name = Base; path = Base.lproj/LaunchScreen.storyboard; sourceTree = "<group>"; };
		C818B21E245A3AB300A9E84E /* Info.plist */ = {isa = PBXFileReference; lastKnownFileType = text.plist.xml; path = Info.plist; sourceTree = "<group>"; };
/* End PBXFileReference section */

/* Begin PBXFrameworksBuildPhase section */
		C818B20A245A3AAF00A9E84E /* Frameworks */ = {
			isa = PBXFrameworksBuildPhase;
			buildActionMask = 2147483647;
			files = (
			);
			runOnlyForDeploymentPostprocessing = 0;
		};
/* End PBXFrameworksBuildPhase section */

/* Begin PBXGroup section */
		C818B204245A3AAF00A9E84E = {
			isa = PBXGroup;
			children = (
				C818B20F245A3AAF00A9E84E /* Paperless Portal */,
				C818B20E245A3AAF00A9E84E /* Products */,
			);
			sourceTree = "<group>";
		};
		C818B20E245A3AAF00A9E84E /* Products */ = {
			isa = PBXGroup;
			children = (
				C818B20D245A3AAF00A9E84E /* Paperless Portal.app */,
			);
			name = Products;
			sourceTree = "<group>";
		};
		C818B20F245A3AAF00A9E84E /* Paperless Portal */ = {
			isa = PBXGroup;
			children = (
				C818B210245A3AAF00A9E84E /* AppDelegate.swift */,
				C818B212245A3AAF00A9E84E /* SceneDelegate.swift */,
				C818B214245A3AAF00A9E84E /* ContentView.swift */,
				C818B216245A3AB300A9E84E /* Assets.xcassets */,
				C818B21B245A3AB300A9E84E /* LaunchScreen.storyboard */,
				C818B21E245A3AB300A9E84E /* Info.plist */,
				C818B218245A3AB300A9E84E /* Preview Content */,
			);
			path = "Paperless Portal";
			sourceTree = "<group>";
		};
		C818B218245A3AB300A9E84E /* Preview Content */ = {
			isa = PBXGroup;
			children = (
				C818B219245A3AB300A9E84E /* Preview Assets.xcassets */,
			);
			path = "Preview Content";
			sourceTree = "<group>";
		};
/* End PBXGroup section */

/* Begin PBXNativeTarget section */
		C818B20C245A3AAF00A9E84E /* Paperless Portal */ = {
			isa = PBXNativeTarget;
			buildConfigurationList = C818B221245A3AB300A9E84E /* Build configuration list for PBXNativeTarget "Paperless Portal" */;
			buildPhases = (
				C818B209245A3AAF00A9E84E /* Sources */,
				C818B20A245A3AAF00A9E84E /* Frameworks */,
				C818B20B245A3AAF00A9E84E /* Resources */,
			);
			buildRules = (
			);
			dependencies = (
			);
			name = "Paperless Portal";
			productName = "Paperless Portal";
			productReference = C818B20D245A3AAF00A9E84E /* Paperless Portal.app */;
			productType = "com.apple.product-type.application";
		};
/* End PBXNativeTarget section */

/* Begin PBXProject section */
		C818B205245A3AAF00A9E84E /* Project object */ = {
			isa = PBXProject;
			attributes = {
				LastSwiftUpdateCheck = 1140;
				LastUpgradeCheck = 1140;
				ORGANIZATIONNAME = "Zoe Schmitt";
				TargetAttributes = {
					C818B20C245A3AAF00A9E84E = {
						CreatedOnToolsVersion = 11.4;
					};
				};
			};
			buildConfigurationList = C818B208245A3AAF00A9E84E /* Build configuration list for PBXProject "Paperless Portal" */;
			compatibilityVersion = "Xcode 9.3";
			developmentRegion = en;
			hasScannedForEncodings = 0;
			knownRegions = (
				en,
				Base,
			);
			mainGroup = C818B204245A3AAF00A9E84E;
			productRefGroup = C818B20E245A3AAF00A9E84E /* Products */;
			projectDirPath = "";
			projectRoot = "";
			targets = (
				C818B20C245A3AAF00A9E84E /* Paperless Portal */,
			);
		};
/* End PBXProject section */

/* Begin PBXResourcesBuildPhase section */
		C818B20B245A3AAF00A9E84E /* Resources */ = {
			isa = PBXResourcesBuildPhase;
			buildActionMask = 2147483647;
			files = (
				C818B21D245A3AB300A9E84E /* LaunchScreen.storyboard in Resources */,
				C818B21A245A3AB300A9E84E /* Preview Assets.xcassets in Resources */,
				C818B217245A3AB300A9E84E /* Assets.xcassets in Resources */,
			);
			runOnlyForDeploymentPostprocessing = 0;
		};
/* End PBXResourcesBuildPhase section */

/* Begin PBXSourcesBuildPhase section */
		C818B209245A3AAF00A9E84E /* Sources */ = {
			isa = PBXSourcesBuildPhase;
			buildActionMask = 2147483647;
			files = (
				C818B211245A3AAF00A9E84E /* AppDelegate.swift in Sources */,
				C818B213245A3AAF00A9E84E /* SceneDelegate.swift in Sources */,
				C818B215245A3AAF00A9E84E /* ContentView.swift in Sources */,
			);
			runOnlyForDeploymentPostprocessing = 0;
		};
/* End PBXSourcesBuildPhase section */

/* Begin PBXVariantGroup section */
		C818B21B245A3AB300A9E84E /* LaunchScreen.storyboard */ = {
			isa = PBXVariantGroup;
			children = (
				C818B21C245A3AB300A9E84E /* Base */,
			);
			name = LaunchScreen.storyboard;
			sourceTree = "<group>";
		};
/* End PBXVariantGroup section */

/* Begin XCBuildConfiguration section */
		C818B21F245A3AB300A9E84E /* Debug */ = {
			isa = XCBuildConfiguration;
			buildSettings = {
				ALWAYS_SEARCH_USER_PATHS = NO;
				CLANG_ANALYZER_NONNULL = YES;
				CLANG_ANALYZER_NUMBER_OBJECT_CONVERSION = YES_AGGRESSIVE;
				CLANG_CXX_LANGUAGE_STANDARD = "gnu++14";
				CLANG_CXX_LIBRARY = "libc++";
				CLANG_ENABLE_MODULES = YES;
				CLANG_ENABLE_OBJC_ARC = YES;
				CLANG_ENABLE_OBJC_WEAK = YES;
				CLANG_WARN_BLOCK_CAPTURE_AUTORELEASING = YES;
				CLANG_WARN_BOOL_CONVERSION = YES;
				CLANG_WARN_COMMA = YES;
				CLANG_WARN_CONSTANT_CONVERSION = YES;
				CLANG_WARN_DEPRECATED_OBJC_IMPLEMENTATIONS = YES;
				CLANG_WARN_DIRECT_OBJC_ISA_USAGE = YES_ERROR;
				CLANG_WARN_DOCUMENTATION_COMMENTS = YES;
				CLANG_WARN_EMPTY_BODY = YES;
				CLANG_WARN_ENUM_CONVERSION = YES;
				CLANG_WARN_INFINITE_RECURSION = YES;
				CLANG_WARN_INT_CONVERSION = YES;
				CLANG_WARN_NON_LITERAL_NULL_CONVERSION = YES;
				CLANG_WARN_OBJC_IMPLICIT_RETAIN_SELF = YES;
				CLANG_WARN_OBJC_LITERAL_CONVERSION = YES;
				CLANG_WARN_OBJC_ROOT_CLASS = YES_ERROR;
				CLANG_WARN_RANGE_LOOP_ANALYSIS = YES;
				CLANG_WARN_STRICT_PROTOTYPES = YES;
				CLANG_WARN_SUSPICIOUS_MOVE = YES;
				CLANG_WARN_UNGUARDED_AVAILABILITY = YES_AGGRESSIVE;
				CLANG_WARN_UNREACHABLE_CODE = YES;
				CLANG_WARN__DUPLICATE_METHOD_MATCH = YES;
				COPY_PHASE_STRIP = NO;
				DEBUG_INFORMATION_FORMAT = dwarf;
				ENABLE_STRICT_OBJC_MSGSEND = YES;
				ENABLE_TESTABILITY = YES;
				GCC_C_LANGUAGE_STANDARD = gnu11;
				GCC_DYNAMIC_NO_PIC = NO;
				GCC_NO_COMMON_BLOCKS = YES;
				GCC_OPTIMIZATION_LEVEL = 0;
				GCC_PREPROCESSOR_DEFINITIONS = (
					"DEBUG=1",
					"$(inherited)",
				);
				GCC_WARN_64_TO_32_BIT_CONVERSION = YES;
				GCC_WARN_ABOUT_RETURN_TYPE = YES_ERROR;
				GCC_WARN_UNDECLARED_SELECTOR = YES;
				GCC_WARN_UNINITIALIZED_AUTOS = YES_AGGRESSIVE;
				GCC_WARN_UNUSED_FUNCTION = YES;
				GCC_WARN_UNUSED_VARIABLE = YES;
				IPHONEOS_DEPLOYMENT_TARGET = 13.4;
				MTL_ENABLE_DEBUG_INFO = INCLUDE_SOURCE;
				MTL_FAST_MATH = YES;
				ONLY_ACTIVE_ARCH = YES;
				SDKROOT = iphoneos;
				SWIFT_ACTIVE_COMPILATION_CONDITIONS = DEBUG;
				SWIFT_OPTIMIZATION_LEVEL = "-Onone";
			};
			name = Debug;
		};
		C818B220245A3AB300A9E84E /* Release */ = {
			isa = XCBuildConfiguration;
			buildSettings = {
				ALWAYS_SEARCH_USER_PATHS = NO;
				CLANG_ANALYZER_NONNULL = YES;
				CLANG_ANALYZER_NUMBER_OBJECT_CONVERSION = YES_AGGRESSIVE;
				CLANG_CXX_LANGUAGE_STANDARD = "gnu++14";
				CLANG_CXX_LIBRARY = "libc++";
				CLANG_ENABLE_MODULES = YES;
				CLANG_ENABLE_OBJC_ARC = YES;
				CLANG_ENABLE_OBJC_WEAK = YES;
				CLANG_WARN_BLOCK_CAPTURE_AUTORELEASING = YES;
				CLANG_WARN_BOOL_CONVERSION = YES;
				CLANG_WARN_COMMA = YES;
				CLANG_WARN_CONSTANT_CONVERSION = YES;
				CLANG_WARN_DEPRECATED_OBJC_IMPLEMENTATIONS = YES;
				CLANG_WARN_DIRECT_OBJC_ISA_USAGE = YES_ERROR;
				CLANG_WARN_DOCUMENTATION_COMMENTS = YES;
				CLANG_WARN_EMPTY_BODY = YES;
				CLANG_WARN_ENUM_CONVERSION = YES;
				CLANG_WARN_INFINITE_RECURSION = YES;
				CLANG_WARN_INT_CONVERSION = YES;
				CLANG_WARN_NON_LITERAL_NULL_CONVERSION = YES;
				CLANG_WARN_OBJC_IMPLICIT_RETAIN_SELF = YES;
				CLANG_WARN_OBJC_LITERAL_CONVERSION = YES;
				CLANG_WARN_OBJC_ROOT_CLASS = YES_ERROR;
				CLANG_WARN_RANGE_LOOP_ANALYSIS = YES;
				CLANG_WARN_STRICT_PROTOTYPES = YES;
				CLANG_WARN_SUSPICIOUS_MOVE = YES;
				CLANG_WARN_UNGUARDED_AVAILABILITY = YES_AGGRESSIVE;
				CLANG_WARN_UNREACHABLE_CODE = YES;
				CLANG_WARN__DUPLICATE_METHOD_MATCH = YES;
				COPY_PHASE_STRIP = NO;
				DEBUG_INFORMATION_FORMAT = "dwarf-with-dsym";
				ENABLE_NS_ASSERTIONS = NO;
				ENABLE_STRICT_OBJC_MSGSEND = YES;
				GCC_C_LANGUAGE_STANDARD = gnu11;
				GCC_NO_COMMON_BLOCKS = YES;
				GCC_WARN_64_TO_32_BIT_CONVERSION = YES;
				GCC_WARN_ABOUT_RETURN_TYPE = YES_ERROR;
				GCC_WARN_UNDECLARED_SELECTOR = YES;
				GCC_WARN_UNINITIALIZED_AUTOS = YES_AGGRESSIVE;
				GCC_WARN_UNUSED_FUNCTION = YES;
				GCC_WARN_UNUSED_VARIABLE = YES;
				IPHONEOS_DEPLOYMENT_TARGET = 13.4;
				MTL_ENABLE_DEBUG_INFO = NO;
				MTL_FAST_MATH = YES;
				SDKROOT = iphoneos;
				SWIFT_COMPILATION_MODE = wholemodule;
				SWIFT_OPTIMIZATION_LEVEL = "-O";
				VALIDATE_PRODUCT = YES;
			};
			name = Release;
		};
		C818B222245A3AB300A9E84E /* Debug */ = {
			isa = XCBuildConfiguration;
			buildSettings = {
				ASSETCATALOG_COMPILER_APPICON_NAME = AppIcon;
				CODE_SIGN_STYLE = Automatic;
				DEVELOPMENT_ASSET_PATHS = "\"Paperless Portal/Preview Content\"";
				DEVELOPMENT_TEAM = WU2A259UNF;
				ENABLE_PREVIEWS = YES;
				INFOPLIST_FILE = "Paperless Portal/Info.plist";
				LD_RUNPATH_SEARCH_PATHS = (
					"$(inherited)",
					"@executable_path/Frameworks",
				);
				PRODUCT_BUNDLE_IDENTIFIER = "com.Paperless-Portal";
				PRODUCT_NAME = "$(TARGET_NAME)";
				SWIFT_VERSION = 5.0;
				TARGETED_DEVICE_FAMILY = "1,2";
			};
			name = Debug;
		};
		C818B223245A3AB300A9E84E /* Release */ = {
			isa = XCBuildConfiguration;
			buildSettings = {
				ASSETCATALOG_COMPILER_APPICON_NAME = AppIcon;
				CODE_SIGN_STYLE = Automatic;
				DEVELOPMENT_ASSET_PATHS = "\"Paperless Portal/Preview Content\"";
				DEVELOPMENT_TEAM = WU2A259UNF;
				ENABLE_PREVIEWS = YES;
				INFOPLIST_FILE = "Paperless Portal/Info.plist";
				LD_RUNPATH_SEARCH_PATHS = (
					"$(inherited)",
					"@executable_path/Frameworks",
				);
				PRODUCT_BUNDLE_IDENTIFIER = "com.Paperless-Portal";
				PRODUCT_NAME = "$(TARGET_NAME)";
				SWIFT_VERSION = 5.0;
				TARGETED_DEVICE_FAMILY = "1,2";
			};
			name = Release;
		};
/* End XCBuildConfiguration section */

/* Begin XCConfigurationList section */
		C818B208245A3AAF00A9E84E /* Build configuration list for PBXProject "Paperless Portal" */ = {
			isa = XCConfigurationList;
			buildConfigurations = (
				C818B21F245A3AB300A9E84E /* Debug */,
				C818B220245A3AB300A9E84E /* Release */,
			);
			defaultConfigurationIsVisible = 0;
			defaultConfigurationName = Release;
		};
		C818B221245A3AB300A9E84E /* Build configuration list for PBXNativeTarget "Paperless Portal" */ = {
			isa = XCConfigurationList;
			buildConfigurations = (
				C818B222245A3AB300A9E84E /* Debug */,
				C818B223245A3AB300A9E84E /* Release */,
			);
			defaultConfigurationIsVisible = 0;
			defaultConfigurationName = Release;
		};
/* End XCConfigurationList section */
	};
	rootObject = C818B205245A3AAF00A9E84E /* Project object */;
}
